
Microsoft Visual Studio Solution File, Format Version 12.00
# Visual Studio Version 16
VisualStudioVersion = 16.0.32602.290
MinimumVisualStudioVersion = 10.0.40219.1
Project("{FAE04EC0-301F-11D3-BF4B-00C04F79EFBC}") = "Tema2-AdivinaNumero", "Tema2-AdivinaNumero\Tema2-AdivinaNumero.csproj", "{D0BE2AA6-472C-413E-958B-B5DC02D71595}"
EndProject
Global
	GlobalSection(SolutionConfigurationPlatforms) = preSolution
		Debug|Any CPU = Debug|Any CPU
		Release|Any CPU = Release|Any CPU
	EndGlobalSection
	GlobalSection(ProjectConfigurationPlatforms) = postSolution
		{D0BE2AA6-472C-413E-958B-B5DC02D71595}.Debug|Any CPU.ActiveCfg = Debug|Any CPU
		{D0BE2AA6-472C-413E-958B-B5DC02D71595}.Debug|Any CPU.Build.0 = Debug|Any CPU
		{D0BE2AA6-472C-413E-958B-B5DC02D71595}.Release|Any CPU.ActiveCfg = Release|Any CPU
		{D0BE2AA6-472C-413E-958B-B5DC02D71595}.Release|Any CPU.Build.0 = Release|Any CPU
	EndGlobalSection
	GlobalSection(SolutionProperties) = preSolution
		HideSolutionNode = FALSE
	EndGlobalSection
	GlobalSection(ExtensibilityGlobals) = postSolution
		SolutionGuid = {628963EE-D729-4CCA-919B-AD871F06E60E}
	EndGlobalSection
EndGlobal
